
Microsoft Visual Studio Solution File, Format Version 12.00
# Visual Studio 15
Project("{FAE04EC0-301F-11D3-BF4B-00C04F79EFBC}") = "Super Awesome Player Controller", "Assembly-CSharp.csproj", "{18730274-DE0E-ABC7-EF86-D4C8CC0C85BD}"
EndProject
Global
	GlobalSection(SolutionConfigurationPlatforms) = preSolution
		Debug|Any CPU = Debug|Any CPU
		Release|Any CPU = Release|Any CPU
	EndGlobalSection
	GlobalSection(ProjectConfigurationPlatforms) = postSolution
		{18730274-DE0E-ABC7-EF86-D4C8CC0C85BD}.Debug|Any CPU.ActiveCfg = Debug|Any CPU
		{18730274-DE0E-ABC7-EF86-D4C8CC0C85BD}.Debug|Any CPU.Build.0 = Debug|Any CPU
		{18730274-DE0E-ABC7-EF86-D4C8CC0C85BD}.Release|Any CPU.ActiveCfg = Release|Any CPU
		{18730274-DE0E-ABC7-EF86-D4C8CC0C85BD}.Release|Any CPU.Build.0 = Release|Any CPU
	EndGlobalSection
	GlobalSection(SolutionProperties) = preSolution
		HideSolutionNode = FALSE
	EndGlobalSection
EndGlobal
